
Microsoft Visual Studio Solution File, Format Version 11.00
# Visual Studio 2010
Project("{FAE04EC0-301F-11D3-BF4B-00C04F79EFBC}") = "leap version", "Assembly-CSharp.csproj", "{7825B01D-7A3D-A5DB-97E8-89F9CF96F64C}"
EndProject
Project("{FAE04EC0-301F-11D3-BF4B-00C04F79EFBC}") = "leap version", "Assembly-CSharp-Editor.csproj", "{AB5002E8-30F6-4E54-0790-7D1EBB7B07E9}"
EndProject
Global
	GlobalSection(SolutionConfigurationPlatforms) = preSolution
		Debug|Any CPU = Debug|Any CPU
		Release|Any CPU = Release|Any CPU
	EndGlobalSection
	GlobalSection(ProjectConfigurationPlatforms) = postSolution
		{7825B01D-7A3D-A5DB-97E8-89F9CF96F64C}.Debug|Any CPU.ActiveCfg = Debug|Any CPU
		{7825B01D-7A3D-A5DB-97E8-89F9CF96F64C}.Debug|Any CPU.Build.0 = Debug|Any CPU
		{7825B01D-7A3D-A5DB-97E8-89F9CF96F64C}.Release|Any CPU.ActiveCfg = Release|Any CPU
		{7825B01D-7A3D-A5DB-97E8-89F9CF96F64C}.Release|Any CPU.Build.0 = Release|Any CPU
		{AB5002E8-30F6-4E54-0790-7D1EBB7B07E9}.Debug|Any CPU.ActiveCfg = Debug|Any CPU
		{AB5002E8-30F6-4E54-0790-7D1EBB7B07E9}.Debug|Any CPU.Build.0 = Debug|Any CPU
		{AB5002E8-30F6-4E54-0790-7D1EBB7B07E9}.Release|Any CPU.ActiveCfg = Release|Any CPU
		{AB5002E8-30F6-4E54-0790-7D1EBB7B07E9}.Release|Any CPU.Build.0 = Release|Any CPU
	EndGlobalSection
	GlobalSection(SolutionProperties) = preSolution
		HideSolutionNode = FALSE
	EndGlobalSection
	GlobalSection(MonoDevelopProperties) = preSolution
		StartupItem = Assembly-CSharp.csproj
	EndGlobalSection
EndGlobal
